
Microsoft Visual Studio Solution File, Format Version 12.00
# Visual Studio Version 16
VisualStudioVersion = 16.0.30804.86
MinimumVisualStudioVersion = 10.0.40219.1
Project("{FAE04EC0-301F-11D3-BF4B-00C04F79EFBC}") = "QuanLyKhachSan", "QuanLyKhachSan\QuanLyKhachSan.csproj", "{9638285E-35CC-411F-B7BA-25E9A0915D47}"
EndProject
Global
	GlobalSection(SolutionConfigurationPlatforms) = preSolution
		Debug|Any CPU = Debug|Any CPU
		Release|Any CPU = Release|Any CPU
	EndGlobalSection
	GlobalSection(ProjectConfigurationPlatforms) = postSolution
		{9638285E-35CC-411F-B7BA-25E9A0915D47}.Debug|Any CPU.ActiveCfg = Debug|Any CPU
		{9638285E-35CC-411F-B7BA-25E9A0915D47}.Debug|Any CPU.Build.0 = Debug|Any CPU
		{9638285E-35CC-411F-B7BA-25E9A0915D47}.Release|Any CPU.ActiveCfg = Release|Any CPU
		{9638285E-35CC-411F-B7BA-25E9A0915D47}.Release|Any CPU.Build.0 = Release|Any CPU
	EndGlobalSection
	GlobalSection(SolutionProperties) = preSolution
		HideSolutionNode = FALSE
	EndGlobalSection
	GlobalSection(ExtensibilityGlobals) = postSolution
		SolutionGuid = {C25CEADB-A758-4687-ADF0-F9575AC7AF74}
	EndGlobalSection
EndGlobal
